
Microsoft Visual Studio Solution File, Format Version 12.00
# Visual Studio 15
VisualStudioVersion = 15.0.27703.2018
MinimumVisualStudioVersion = 10.0.40219.1
Project("{FAE04EC0-301F-11D3-BF4B-00C04F79EFBC}") = "Streamer.CLI", "Streamer.CLI\Streamer.CLI.csproj", "{77AEB1FF-2157-4AE6-8384-1EDC2322D9DA}"
EndProject
Global
	GlobalSection(SolutionConfigurationPlatforms) = preSolution
		Debug|Any CPU = Debug|Any CPU
		Release|Any CPU = Release|Any CPU
	EndGlobalSection
	GlobalSection(ProjectConfigurationPlatforms) = postSolution
		{77AEB1FF-2157-4AE6-8384-1EDC2322D9DA}.Debug|Any CPU.ActiveCfg = Debug|Any CPU
		{77AEB1FF-2157-4AE6-8384-1EDC2322D9DA}.Debug|Any CPU.Build.0 = Debug|Any CPU
		{77AEB1FF-2157-4AE6-8384-1EDC2322D9DA}.Release|Any CPU.ActiveCfg = Release|Any CPU
		{77AEB1FF-2157-4AE6-8384-1EDC2322D9DA}.Release|Any CPU.Build.0 = Release|Any CPU
	EndGlobalSection
	GlobalSection(SolutionProperties) = preSolution
		HideSolutionNode = FALSE
	EndGlobalSection
	GlobalSection(ExtensibilityGlobals) = postSolution
		SolutionGuid = {025F5547-13F3-4F1F-891F-D2BE81C7DFBF}
	EndGlobalSection
EndGlobal
